{
	"name": "ragemp-javascript",
	"version": "1.0.0",
	"lockfileVersion": 2,
	"requires": true,
	"packages": {
		"": {
			"name": "ragemp-javascript",
			"version": "1.0.0",
			"license": "MIT",
			"dependencies": {
				"dotenv": "^10.0.0"
			},
			"devDependencies": {
				"@ragemp/types-client": "github:leonardssh/ragemp-types#types-client@v1.0.2",
				"@ragemp/types-server": "github:leonardssh/ragemp-types#types-server@v1.0.1",
				"prettier": "^2.5.0"
			}
		},
		"node_modules/@ragemp/types-client": {
			"version": "1.0.2",
			"resolved": "git+ssh://git@github.com/leonardssh/ragemp-types.git#a9b70429593c3ace5dc6bbc731b24130fe5acfd7",
			"dev": true,
			"license": "MIT"
		},
		"node_modules/@ragemp/types-server": {
			"version": "1.0.1",
			"resolved": "git+ssh://git@github.com/leonardssh/ragemp-types.git#0c9201614c6f1ddaf5fd7b2cdb77aa8204bef721",
			"dev": true,
			"license": "MIT"
		},
		"node_modules/dotenv": {
			"version": "10.0.0",
			"resolved": "https://registry.npmjs.org/dotenv/-/dotenv-10.0.0.tgz",
			"integrity": "sha512-rlBi9d8jpv9Sf1klPjNfFAuWDjKLwTIJJ/VxtoTwIR6hnZxcEOQCZg2oIL3MWBYw5GpUDKOEnND7LXTbIpQ03Q==",
			"engines": {
				"node": ">=10"
			}
		},
		"node_modules/prettier": {
			"version": "2.5.0",
			"resolved": "https://registry.npmjs.org/prettier/-/prettier-2.5.0.tgz",
			"integrity": "sha512-FM/zAKgWTxj40rH03VxzIPdXmj39SwSjwG0heUcNFwI+EMZJnY93yAiKXM3dObIKAM5TA88werc8T/EwhB45eg==",
			"dev": true,
			"bin": {
				"prettier": "bin-prettier.js"
			},
			"engines": {
				"node": ">=10.13.0"
			}
		}
	},
	"dependencies": {
		"@ragemp/types-client": {
			"version": "git+ssh://git@github.com/leonardssh/ragemp-types.git#a9b70429593c3ace5dc6bbc731b24130fe5acfd7",
			"dev": true,
			"from": "@ragemp/types-client@github:leonardssh/ragemp-types#types-client@v1.0.2"
		},
		"@ragemp/types-server": {
			"version": "git+ssh://git@github.com/leonardssh/ragemp-types.git#0c9201614c6f1ddaf5fd7b2cdb77aa8204bef721",
			"dev": true,
			"from": "@ragemp/types-server@github:leonardssh/ragemp-types#types-server@v1.0.1"
		},
		"dotenv": {
			"version": "10.0.0",
			"resolved": "https://registry.npmjs.org/dotenv/-/dotenv-10.0.0.tgz",
			"integrity": "sha512-rlBi9d8jpv9Sf1klPjNfFAuWDjKLwTIJJ/VxtoTwIR6hnZxcEOQCZg2oIL3MWBYw5GpUDKOEnND7LXTbIpQ03Q=="
		},
		"prettier": {
			"version": "2.5.0",
			"resolved": "https://registry.npmjs.org/prettier/-/prettier-2.5.0.tgz",
			"integrity": "sha512-FM/zAKgWTxj40rH03VxzIPdXmj39SwSjwG0heUcNFwI+EMZJnY93yAiKXM3dObIKAM5TA88werc8T/EwhB45eg==",
			"dev": true
		}
	}
}
